
Microsoft Visual Studio Solution File, Format Version 12.00
# Visual Studio Express 15 for Windows Desktop
VisualStudioVersion = 15.0.28307.329
MinimumVisualStudioVersion = 10.0.40219.1
Project("{FAE04EC0-301F-11D3-BF4B-00C04F79EFBC}") = "application", "application\application.csproj", "{F13B1123-15BD-45BC-B2C3-A9821BB38373}"
EndProject
Global
	GlobalSection(SolutionConfigurationPlatforms) = preSolution
		Debug|Any CPU = Debug|Any CPU
		Release|Any CPU = Release|Any CPU
	EndGlobalSection
	GlobalSection(ProjectConfigurationPlatforms) = postSolution
		{F13B1123-15BD-45BC-B2C3-A9821BB38373}.Debug|Any CPU.ActiveCfg = Debug|Any CPU
		{F13B1123-15BD-45BC-B2C3-A9821BB38373}.Debug|Any CPU.Build.0 = Debug|Any CPU
		{F13B1123-15BD-45BC-B2C3-A9821BB38373}.Release|Any CPU.ActiveCfg = Release|Any CPU
		{F13B1123-15BD-45BC-B2C3-A9821BB38373}.Release|Any CPU.Build.0 = Release|Any CPU
	EndGlobalSection
	GlobalSection(SolutionProperties) = preSolution
		HideSolutionNode = FALSE
	EndGlobalSection
	GlobalSection(ExtensibilityGlobals) = postSolution
		SolutionGuid = {4A51EAE4-03D5-432E-9DEF-201226E7F5BC}
	EndGlobalSection
EndGlobal
